
Microsoft Visual Studio Solution File, Format Version 12.00
# Visual Studio Version 17
VisualStudioVersion = 17.9.34728.123
MinimumVisualStudioVersion = 10.0.40219.1
Project("{FAE04EC0-301F-11D3-BF4B-00C04F79EFBC}") = "TestAutocadJptMVVMGetPolylineLenght", "TestAutocadJptMVVMGetPolylineLenght.csproj", "{B44B25F0-A4A5-482F-8AFD-63B945CA2DD8}"
EndProject
Global
	GlobalSection(SolutionConfigurationPlatforms) = preSolution
		Debug|Any CPU = Debug|Any CPU
		Release|Any CPU = Release|Any CPU
	EndGlobalSection
	GlobalSection(ProjectConfigurationPlatforms) = postSolution
		{B44B25F0-A4A5-482F-8AFD-63B945CA2DD8}.Debug|Any CPU.ActiveCfg = Debug|Any CPU
		{B44B25F0-A4A5-482F-8AFD-63B945CA2DD8}.Debug|Any CPU.Build.0 = Debug|Any CPU
		{B44B25F0-A4A5-482F-8AFD-63B945CA2DD8}.Release|Any CPU.ActiveCfg = Release|Any CPU
		{B44B25F0-A4A5-482F-8AFD-63B945CA2DD8}.Release|Any CPU.Build.0 = Release|Any CPU
	EndGlobalSection
	GlobalSection(SolutionProperties) = preSolution
		HideSolutionNode = FALSE
	EndGlobalSection
	GlobalSection(ExtensibilityGlobals) = postSolution
		SolutionGuid = {1CB583A6-041B-45F6-825E-F9E1CAD8ABA0}
	EndGlobalSection
EndGlobal
